
Microsoft Visual Studio Solution File, Format Version 12.00
# Visual Studio Version 16
VisualStudioVersion = 16.0.29926.136
MinimumVisualStudioVersion = 10.0.40219.1
Project("{9A19103F-16F7-4668-BE54-9A1E7A4F7556}") = "DataHarvester", "DataHarvester.csproj", "{717A90F7-A8B5-46B0-9177-19979ECE5CDB}"
EndProject
Project("{9A19103F-16F7-4668-BE54-9A1E7A4F7556}") = "ContextDataManager", "..\ContextDataManager\ContextDataManager.csproj", "{76027FFD-01F3-4059-ABA2-BF0C6F7BDCFE}"
EndProject
Project("{FAE04EC0-301F-11D3-BF4B-00C04F79EFBC}") = "HashDataLibrary", "..\HashDataLibrary\HashDataLibrary.csproj", "{E70976F1-6514-4515-9FD1-52581853A347}"
EndProject
Global
	GlobalSection(SolutionConfigurationPlatforms) = preSolution
		Debug|Any CPU = Debug|Any CPU
		Release|Any CPU = Release|Any CPU
	EndGlobalSection
	GlobalSection(ProjectConfigurationPlatforms) = postSolution
		{717A90F7-A8B5-46B0-9177-19979ECE5CDB}.Debug|Any CPU.ActiveCfg = Debug|Any CPU
		{717A90F7-A8B5-46B0-9177-19979ECE5CDB}.Debug|Any CPU.Build.0 = Debug|Any CPU
		{717A90F7-A8B5-46B0-9177-19979ECE5CDB}.Release|Any CPU.ActiveCfg = Release|Any CPU
		{717A90F7-A8B5-46B0-9177-19979ECE5CDB}.Release|Any CPU.Build.0 = Release|Any CPU
		{76027FFD-01F3-4059-ABA2-BF0C6F7BDCFE}.Debug|Any CPU.ActiveCfg = Debug|Any CPU
		{76027FFD-01F3-4059-ABA2-BF0C6F7BDCFE}.Debug|Any CPU.Build.0 = Debug|Any CPU
		{76027FFD-01F3-4059-ABA2-BF0C6F7BDCFE}.Release|Any CPU.ActiveCfg = Release|Any CPU
		{76027FFD-01F3-4059-ABA2-BF0C6F7BDCFE}.Release|Any CPU.Build.0 = Release|Any CPU
		{E70976F1-6514-4515-9FD1-52581853A347}.Debug|Any CPU.ActiveCfg = Debug|Any CPU
		{E70976F1-6514-4515-9FD1-52581853A347}.Debug|Any CPU.Build.0 = Debug|Any CPU
		{E70976F1-6514-4515-9FD1-52581853A347}.Release|Any CPU.ActiveCfg = Release|Any CPU
		{E70976F1-6514-4515-9FD1-52581853A347}.Release|Any CPU.Build.0 = Release|Any CPU
	EndGlobalSection
	GlobalSection(SolutionProperties) = preSolution
		HideSolutionNode = FALSE
	EndGlobalSection
	GlobalSection(ExtensibilityGlobals) = postSolution
		SolutionGuid = {30C5A336-3239-481F-86ED-E155C3D2845E}
	EndGlobalSection
EndGlobal
